
Microsoft Visual Studio Solution File, Format Version 12.00
# Visual Studio Version 17
VisualStudioVersion = 17.14.36401.2 d17.14
MinimumVisualStudioVersion = 10.0.40219.1
Project("{FAE04EC0-301F-11D3-BF4B-00C04F79EFBC}") = "modiki2", "modiki2\modiki2.csproj", "{B178FCC9-237F-4D94-B250-2266FB4D592E}"
EndProject
Global
	GlobalSection(SolutionConfigurationPlatforms) = preSolution
		Debug|Any CPU = Debug|Any CPU
		Release|Any CPU = Release|Any CPU
	EndGlobalSection
	GlobalSection(ProjectConfigurationPlatforms) = postSolution
		{B178FCC9-237F-4D94-B250-2266FB4D592E}.Debug|Any CPU.ActiveCfg = Debug|Any CPU
		{B178FCC9-237F-4D94-B250-2266FB4D592E}.Debug|Any CPU.Build.0 = Debug|Any CPU
		{B178FCC9-237F-4D94-B250-2266FB4D592E}.Release|Any CPU.ActiveCfg = Release|Any CPU
		{B178FCC9-237F-4D94-B250-2266FB4D592E}.Release|Any CPU.Build.0 = Release|Any CPU
	EndGlobalSection
	GlobalSection(SolutionProperties) = preSolution
		HideSolutionNode = FALSE
	EndGlobalSection
	GlobalSection(ExtensibilityGlobals) = postSolution
		SolutionGuid = {A107EB2C-DB48-408D-AE77-679E763EC868}
	EndGlobalSection
EndGlobal
